// !$*UTF8*$!
{
	archiveVersion = 1;
	classes = {
	};
	objectVersion = 46;
	objects = {

/* Begin PBXBuildFile section */
		2206D45D18A8260E00FB3E65 /* getopt.tcl in Resources */ = {isa = PBXBuildFile; fileRef = 22E8C2E418A67E7000506AB8 /* getopt.tcl */; };
		220DF523188C668400AA9D50 /* NESConnectionCellView.m in Sources */ = {isa = PBXBuildFile; fileRef = 220DF522188C668400AA9D50 /* NESConnectionCellView.m */; };
		221A0B5A18870C150008EBDC /* NESConnection.m in Sources */ = {isa = PBXBuildFile; fileRef = 221A0B5918870C150008EBDC /* NESConnection.m */; };
		221A0BA718882CFD0008EBDC /* NESConnectionViewController.m in Sources */ = {isa = PBXBuildFile; fileRef = 221A0BA618882CFD0008EBDC /* NESConnectionViewController.m */; };
		221CE21A1880A96300F55125 /* Connection View.xib in Resources */ = {isa = PBXBuildFile; fileRef = 221CE2191880A96300F55125 /* Connection View.xib */; };
		221CE21C1880B16600F55125 /* Prefs Window.xib in Resources */ = {isa = PBXBuildFile; fileRef = 221CE21B1880B16600F55125 /* Prefs Window.xib */; };
		221CE21E188194D000F55125 /* General View.xib in Resources */ = {isa = PBXBuildFile; fileRef = 221CE21D188194D000F55125 /* General View.xib */; };
		221CE220188194D900F55125 /* Info View.xib in Resources */ = {isa = PBXBuildFile; fileRef = 221CE21F188194D900F55125 /* Info View.xib */; };
		2234C989189480BF000DEB44 /* NESPopoverTextField.m in Sources */ = {isa = PBXBuildFile; fileRef = 2234C984189480BF000DEB44 /* NESPopoverTextField.m */; };
		2234C98A189480BF000DEB44 /* NESPopoverTextFieldButton.m in Sources */ = {isa = PBXBuildFile; fileRef = 2234C986189480BF000DEB44 /* NESPopoverTextFieldButton.m */; };
		2234C98B189480BF000DEB44 /* NESPopoverTextFieldCell.m in Sources */ = {isa = PBXBuildFile; fileRef = 2234C988189480BF000DEB44 /* NESPopoverTextFieldCell.m */; };
		223F59091A1A8660002119AE /* corkscrew in Resources */ = {isa = PBXBuildFile; fileRef = 223F59081A1A8660002119AE /* corkscrew */; };
		224200A71A93D5FF00D0E56A /* home-sharing_helper.exp in Resources */ = {isa = PBXBuildFile; fileRef = 224200A21A93D49300D0E56A /* home-sharing_helper.exp */; };
		224200AB1A97ACBC00D0E56A /* NESManagedRegistrationSheet.m in Sources */ = {isa = PBXBuildFile; fileRef = 224200A91A97ACBC00D0E56A /* NESManagedRegistrationSheet.m */; };
		224200AC1A97ACBC00D0E56A /* NESManagedRegistrationSheet.xib in Resources */ = {isa = PBXBuildFile; fileRef = 224200AA1A97ACBC00D0E56A /* NESManagedRegistrationSheet.xib */; };
		22455D4118A43DA50057F353 /* NESConnectionProcess.m in Sources */ = {isa = PBXBuildFile; fileRef = 22455D4018A43DA50057F353 /* NESConnectionProcess.m */; };
		2246F95F1991D36800A53B83 /* NESManagedConnection.m in Sources */ = {isa = PBXBuildFile; fileRef = 2246F95E1991D36800A53B83 /* NESManagedConnection.m */; };
		22488D9B18AD8B11003F5B68 /* NESAppConfig.m in Sources */ = {isa = PBXBuildFile; fileRef = 22488D9A18AD8B11003F5B68 /* NESAppConfig.m */; };
		22488D9E18AD8E13003F5B68 /* NESGeneralViewController.m in Sources */ = {isa = PBXBuildFile; fileRef = 22488D9D18AD8E13003F5B68 /* NESGeneralViewController.m */; };
		224D8708195B2D1800C0B6D8 /* Log.m in Sources */ = {isa = PBXBuildFile; fileRef = 224D8707195B2D1800C0B6D8 /* Log.m */; };
		22575C5418AC26BB00B00006 /* ssh_manager.exp in Resources */ = {isa = PBXBuildFile; fileRef = 22575C5218AC267E00B00006 /* ssh_manager.exp */; };
		2266BEA918AAC80B00F4ED58 /* NESAdminPasswordDialog.xib in Resources */ = {isa = PBXBuildFile; fileRef = 2266BEA818AAC80B00F4ED58 /* NESAdminPasswordDialog.xib */; };
		2266BEAF18AAD3E600F4ED58 /* NESUser.m in Sources */ = {isa = PBXBuildFile; fileRef = 2266BEAE18AAD3E600F4ED58 /* NESUser.m */; };
		2266BEB218AAD90800F4ED58 /* NESAdminPasswordDialogWindowController.m in Sources */ = {isa = PBXBuildFile; fileRef = 2266BEB118AAD90800F4ED58 /* NESAdminPasswordDialogWindowController.m */; };
		2266BEB418AADCFF00F4ED58 /* Collaboration.framework in Frameworks */ = {isa = PBXBuildFile; fileRef = 2266BEB318AADCFF00F4ED58 /* Collaboration.framework */; };
		2273B3BB1989A21A00654C17 /* NESManagedConnectionWindowController.m in Sources */ = {isa = PBXBuildFile; fileRef = 2273B3B91989A21A00654C17 /* NESManagedConnectionWindowController.m */; };
		2273B3BE1989A31600654C17 /* ManagedConnectionWindow.xib in Resources */ = {isa = PBXBuildFile; fileRef = 2273B3BD1989A31600654C17 /* ManagedConnectionWindow.xib */; };
		2273B3C1198E8DF600654C17 /* NESEmptyView.m in Sources */ = {isa = PBXBuildFile; fileRef = 2273B3C0198E8DF600654C17 /* NESEmptyView.m */; };
		22759899189DA9CA00E42ADD /* NESKeychain.m in Sources */ = {isa = PBXBuildFile; fileRef = 22759898189DA9CA00E42ADD /* NESKeychain.m */; };
		2275989B189DC08700E42ADD /* Security.framework in Frameworks */ = {isa = PBXBuildFile; fileRef = 2275989A189DC08700E42ADD /* Security.framework */; };
		227E54921AA2776F00DF77AC /* SocketRocket.framework in Frameworks */ = {isa = PBXBuildFile; fileRef = 228FC41A1A8ABD85000BEC34 /* SocketRocket.framework */; };
		227E54951AA2786100DF77AC /* SocketRocket.framework in CopyFiles */ = {isa = PBXBuildFile; fileRef = 228FC41A1A8ABD85000BEC34 /* SocketRocket.framework */; settings = {ATTRIBUTES = (CodeSignOnCopy, RemoveHeadersOnCopy, ); }; };
		2284C65C18B18683005C34E1 /* NESPopoverButton.m in Sources */ = {isa = PBXBuildFile; fileRef = 2284C65B18B18683005C34E1 /* NESPopoverButton.m */; };
		2284C65E18B1BD3C005C34E1 /* RemoteForwardWindow.xib in Resources */ = {isa = PBXBuildFile; fileRef = 2284C65D18B1BD3C005C34E1 /* RemoteForwardWindow.xib */; };
		2284C66118B1C090005C34E1 /* NESRemoteForwardWindowController.m in Sources */ = {isa = PBXBuildFile; fileRef = 2284C66018B1C090005C34E1 /* NESRemoteForwardWindowController.m */; };
		2288F40518A027C600C0331C /* NESController.m in Sources */ = {isa = PBXBuildFile; fileRef = 2288F40418A027C600C0331C /* NESController.m */; };
		228E61BD188F1E4E00864214 /* LocalForwardWindow.xib in Resources */ = {isa = PBXBuildFile; fileRef = 228E61BC188F1E4E00864214 /* LocalForwardWindow.xib */; };
		228E61C0188F2B1E00864214 /* NESLocalForwardWindowController.m in Sources */ = {isa = PBXBuildFile; fileRef = 228E61BF188F2B1E00864214 /* NESLocalForwardWindowController.m */; };
		228FC4211A8AC372000BEC34 /* SystemConfiguration.framework in Frameworks */ = {isa = PBXBuildFile; fileRef = 228FC4201A8AC372000BEC34 /* SystemConfiguration.framework */; };
		229803AC187F345C00B704DD /* Cocoa.framework in Frameworks */ = {isa = PBXBuildFile; fileRef = 229803AB187F345C00B704DD /* Cocoa.framework */; };
		229803B6187F345C00B704DD /* InfoPlist.strings in Resources */ = {isa = PBXBuildFile; fileRef = 229803B4187F345C00B704DD /* InfoPlist.strings */; };
		229803B8187F345C00B704DD /* main.m in Sources */ = {isa = PBXBuildFile; fileRef = 229803B7187F345C00B704DD /* main.m */; };
		229803BC187F345C00B704DD /* Credits.rtf in Resources */ = {isa = PBXBuildFile; fileRef = 229803BA187F345C00B704DD /* Credits.rtf */; };
		229803BF187F345C00B704DD /* NESAppDelegate.m in Sources */ = {isa = PBXBuildFile; fileRef = 229803BE187F345C00B704DD /* NESAppDelegate.m */; };
		229803C2187F345C00B704DD /* MainMenu.xib in Resources */ = {isa = PBXBuildFile; fileRef = 229803C0187F345C00B704DD /* MainMenu.xib */; };
		229803C5187F345C00B704DD /* Secure_Pipes.xcdatamodeld in Sources */ = {isa = PBXBuildFile; fileRef = 229803C3187F345C00B704DD /* Secure_Pipes.xcdatamodeld */; };
		229803C7187F345C00B704DD /* Images.xcassets in Resources */ = {isa = PBXBuildFile; fileRef = 229803C6187F345C00B704DD /* Images.xcassets */; };
		229803CE187F345C00B704DD /* XCTest.framework in Frameworks */ = {isa = PBXBuildFile; fileRef = 229803CD187F345C00B704DD /* XCTest.framework */; };
		229803CF187F345C00B704DD /* Cocoa.framework in Frameworks */ = {isa = PBXBuildFile; fileRef = 229803AB187F345C00B704DD /* Cocoa.framework */; };
		229803D7187F345C00B704DD /* InfoPlist.strings in Resources */ = {isa = PBXBuildFile; fileRef = 229803D5187F345C00B704DD /* InfoPlist.strings */; };
		229803D9187F345C00B704DD /* Secure_PipesTests.m in Sources */ = {isa = PBXBuildFile; fileRef = 229803D8187F345C00B704DD /* Secure_PipesTests.m */; };
		229803E8187F3F2A00B704DD /* NESPrefsWindowController.m in Sources */ = {isa = PBXBuildFile; fileRef = 229803E7187F3F2A00B704DD /* NESPrefsWindowController.m */; };
		229F49A01984464B003BC1D2 /* FilterBarView.m in Sources */ = {isa = PBXBuildFile; fileRef = 229F499D1984464A003BC1D2 /* FilterBarView.m */; };
		22A0576D18A9824500553E75 /* ConfirmationSheet.xib in Resources */ = {isa = PBXBuildFile; fileRef = 22A0576C18A9824500553E75 /* ConfirmationSheet.xib */; };
		22A0577018A9833100553E75 /* NESConfirmationSheet.m in Sources */ = {isa = PBXBuildFile; fileRef = 22A0576F18A9833100553E75 /* NESConfirmationSheet.m */; };
		22AB38AB1A1299CE0030926C /* proxy_helper.sh in Resources */ = {isa = PBXBuildFile; fileRef = 22AB38AA1A117A150030926C /* proxy_helper.sh */; };
		22B4BB0518B3E25C0052B33E /* NESConnectionWindowController.m in Sources */ = {isa = PBXBuildFile; fileRef = 22B4BB0418B3E25C0052B33E /* NESConnectionWindowController.m */; };
		22B4BB0718B45C180052B33E /* ProxyWindow.xib in Resources */ = {isa = PBXBuildFile; fileRef = 22B4BB0618B45C180052B33E /* ProxyWindow.xib */; };
		22CE2F6B1A155ACA003A19CB /* NESSelectHostnameScriptDelegate.m in Sources */ = {isa = PBXBuildFile; fileRef = 22CE2F6A1A155ACA003A19CB /* NESSelectHostnameScriptDelegate.m */; };
		22DA06581A8532D700F85E56 /* LICENSE in Resources */ = {isa = PBXBuildFile; fileRef = 22DA06491A8532D700F85E56 /* LICENSE */; };
		22DA065A1A8532D700F85E56 /* SocketIO.m in Sources */ = {isa = PBXBuildFile; fileRef = 22DA064C1A8532D700F85E56 /* SocketIO.m */; };
		22DA065B1A8532D700F85E56 /* SocketIOJSONSerialization.m in Sources */ = {isa = PBXBuildFile; fileRef = 22DA064E1A8532D700F85E56 /* SocketIOJSONSerialization.m */; };
		22DA065C1A8532D700F85E56 /* SocketIOPacket.m in Sources */ = {isa = PBXBuildFile; fileRef = 22DA06501A8532D700F85E56 /* SocketIOPacket.m */; };
		22DA065D1A8532D700F85E56 /* SocketIOTransportWebsocket.m in Sources */ = {isa = PBXBuildFile; fileRef = 22DA06531A8532D700F85E56 /* SocketIOTransportWebsocket.m */; };
		22DA065E1A8532D700F85E56 /* SocketIOTransportXHR.m in Sources */ = {isa = PBXBuildFile; fileRef = 22DA06551A8532D700F85E56 /* SocketIOTransportXHR.m */; };
		22DBDA0C18EFBC8600A7013F /* NESConfirmationDialogWindowController.m in Sources */ = {isa = PBXBuildFile; fileRef = 22DBDA0B18EFBC8600A7013F /* NESConfirmationDialogWindowController.m */; };
		22DBDA0E18EFBCAF00A7013F /* NESConfirmationDialogWindow.xib in Resources */ = {isa = PBXBuildFile; fileRef = 22DBDA0D18EFBCAF00A7013F /* NESConfirmationDialogWindow.xib */; };
		22DC63B31A16839E000064F3 /* NESGetScriptOutput.m in Sources */ = {isa = PBXBuildFile; fileRef = 22DC63B21A16839E000064F3 /* NESGetScriptOutput.m */; };
		22E199EF18B5698B001B60C0 /* NESProxyWindowController.m in Sources */ = {isa = PBXBuildFile; fileRef = 22E199EE18B5698B001B60C0 /* NESProxyWindowController.m */; };
		22ED982518A9349E005F9C1C /* NESMenuIconController.m in Sources */ = {isa = PBXBuildFile; fileRef = 22ED982418A9349E005F9C1C /* NESMenuIconController.m */; };
		22F4F4A718F0530C004D21E4 /* NESSelectIdentityDelegate.m in Sources */ = {isa = PBXBuildFile; fileRef = 22F4F4A618F0530C004D21E4 /* NESSelectIdentityDelegate.m */; };
		22F8E2FC1A8BA0EB00FB45AB /* NESConnectionManager.m in Sources */ = {isa = PBXBuildFile; fileRef = 22F8E2FB1A8BA0EB00FB45AB /* NESConnectionManager.m */; };
/* End PBXBuildFile section */

/* Begin PBXContainerItemProxy section */
		223582F91AA272F9005141B6 /* PBXContainerItemProxy */ = {
			isa = PBXContainerItemProxy;
			containerPortal = 228FC4101A8ABD85000BEC34 /* SocketRocket.xcodeproj */;
			proxyType = 1;
			remoteGlobalIDString = F668C87F153E91210044DBAC;
			remoteInfo = SocketRocketOSX;
		};
		228FC4171A8ABD85000BEC34 /* PBXContainerItemProxy */ = {
			isa = PBXContainerItemProxy;
			containerPortal = 228FC4101A8ABD85000BEC34 /* SocketRocket.xcodeproj */;
			proxyType = 2;
			remoteGlobalIDString = F6B2082D1450F597009315AF;
			remoteInfo = SocketRocket;
		};
		228FC4191A8ABD85000BEC34 /* PBXContainerItemProxy */ = {
			isa = PBXContainerItemProxy;
			containerPortal = 228FC4101A8ABD85000BEC34 /* SocketRocket.xcodeproj */;
			proxyType = 2;
			remoteGlobalIDString = F668C880153E91210044DBAC;
			remoteInfo = SocketRocketOSX;
		};
		228FC41B1A8ABD85000BEC34 /* PBXContainerItemProxy */ = {
			isa = PBXContainerItemProxy;
			containerPortal = 228FC4101A8ABD85000BEC34 /* SocketRocket.xcodeproj */;
			proxyType = 2;
			remoteGlobalIDString = F6BDA802145900D200FE3253;
			remoteInfo = SRWebSocketTests;
		};
		228FC41D1A8ABD85000BEC34 /* PBXContainerItemProxy */ = {
			isa = PBXContainerItemProxy;
			containerPortal = 228FC4101A8ABD85000BEC34 /* SocketRocket.xcodeproj */;
			proxyType = 2;
			remoteGlobalIDString = F62417E314D52F3C003CE997;
			remoteInfo = TestChat;
		};
		229803D0187F345C00B704DD /* PBXContainerItemProxy */ = {
			isa = PBXContainerItemProxy;
			containerPortal = 229803A0187F345B00B704DD /* Project object */;
			proxyType = 1;
			remoteGlobalIDString = 229803A7187F345C00B704DD;
			remoteInfo = "Secure Pipes";
		};
		22C1BEDC1A13DF6E00C88F60 /* PBXContainerItemProxy */ = {
			isa = PBXContainerItemProxy;
			containerPortal = 22C1BED71A13DE6800C88F60 /* corkscrew-2.0.xcodeproj */;
			proxyType = 1;
			remoteGlobalIDString = 22C1BEBE1A13DE6700C88F60;
			remoteInfo = "corkscrew-2.0";
		};
/* End PBXContainerItemProxy section */

/* Begin PBXCopyFilesBuildPhase section */
		227E54941AA2785800DF77AC /* CopyFiles */ = {
			isa = PBXCopyFilesBuildPhase;
			buildActionMask = 2147483647;
			dstPath = "";
			dstSubfolderSpec = 10;
			files = (
				227E54951AA2786100DF77AC /* SocketRocket.framework in CopyFiles */,
			);
			runOnlyForDeploymentPostprocessing = 0;
		};
/* End PBXCopyFilesBuildPhase section */

/* Begin PBXFileReference section */
		220DF521188C668400AA9D50 /* NESConnectionCellView.h */ = {isa = PBXFileReference; fileEncoding = 4; lastKnownFileType = sourcecode.c.h; path = NESConnectionCellView.h; sourceTree = "<group>"; };
		220DF522188C668400AA9D50 /* NESConnectionCellView.m */ = {isa = PBXFileReference; fileEncoding = 4; lastKnownFileType = sourcecode.c.objc; path = NESConnectionCellView.m; sourceTree = "<group>"; };
		2215E44F1A262F0C000D3DE1 /* en */ = {isa = PBXFileReference; lastKnownFileType = file.xib; name = en; path = en.lproj/MainMenu.xib; sourceTree = "<group>"; };
		221A0B5818870C150008EBDC /* NESConnection.h */ = {isa = PBXFileReference; fileEncoding = 4; lastKnownFileType = sourcecode.c.h; path = NESConnection.h; sourceTree = "<group>"; };
		221A0B5918870C150008EBDC /* NESConnection.m */ = {isa = PBXFileReference; fileEncoding = 4; lastKnownFileType = sourcecode.c.objc; path = NESConnection.m; sourceTree = "<group>"; };
		221A0BA518882CFD0008EBDC /* NESConnectionViewController.h */ = {isa = PBXFileReference; fileEncoding = 4; lastKnownFileType = sourcecode.c.h; path = NESConnectionViewController.h; sourceTree = "<group>"; };
		221A0BA618882CFD0008EBDC /* NESConnectionViewController.m */ = {isa = PBXFileReference; fileEncoding = 4; lastKnownFileType = sourcecode.c.objc; path = NESConnectionViewController.m; sourceTree = "<group>"; };
		221CE2191880A96300F55125 /* Connection View.xib */ = {isa = PBXFileReference; fileEncoding = 4; lastKnownFileType = file.xib; path = "Connection View.xib"; sourceTree = "<group>"; };
		221CE21B1880B16600F55125 /* Prefs Window.xib */ = {isa = PBXFileReference; fileEncoding = 4; lastKnownFileType = file.xib; path = "Prefs Window.xib"; sourceTree = "<group>"; };
		221CE21D188194D000F55125 /* General View.xib */ = {isa = PBXFileReference; fileEncoding = 4; lastKnownFileType = file.xib; path = "General View.xib"; sourceTree = "<group>"; };
		221CE21F188194D900F55125 /* Info View.xib */ = {isa = PBXFileReference; fileEncoding = 4; lastKnownFileType = file.xib; path = "Info View.xib"; sourceTree = "<group>"; };
		2234C983189480BF000DEB44 /* NESPopoverTextField.h */ = {isa = PBXFileReference; fileEncoding = 4; lastKnownFileType = sourcecode.c.h; path = NESPopoverTextField.h; sourceTree = "<group>"; };
		2234C984189480BF000DEB44 /* NESPopoverTextField.m */ = {isa = PBXFileReference; fileEncoding = 4; lastKnownFileType = sourcecode.c.objc; path = NESPopoverTextField.m; sourceTree = "<group>"; };
		2234C985189480BF000DEB44 /* NESPopoverTextFieldButton.h */ = {isa = PBXFileReference; fileEncoding = 4; lastKnownFileType = sourcecode.c.h; path = NESPopoverTextFieldButton.h; sourceTree = "<group>"; };
		2234C986189480BF000DEB44 /* NESPopoverTextFieldButton.m */ = {isa = PBXFileReference; fileEncoding = 4; lastKnownFileType = sourcecode.c.objc; path = NESPopoverTextFieldButton.m; sourceTree = "<group>"; };
		2234C987189480BF000DEB44 /* NESPopoverTextFieldCell.h */ = {isa = PBXFileReference; fileEncoding = 4; lastKnownFileType = sourcecode.c.h; path = NESPopoverTextFieldCell.h; sourceTree = "<group>"; };
		2234C988189480BF000DEB44 /* NESPopoverTextFieldCell.m */ = {isa = PBXFileReference; fileEncoding = 4; lastKnownFileType = sourcecode.c.objc; path = NESPopoverTextFieldCell.m; sourceTree = "<group>"; };
		223F59081A1A8660002119AE /* corkscrew */ = {isa = PBXFileReference; lastKnownFileType = "compiled.mach-o.executable"; name = corkscrew; path = "corkscrew-2.0/corkscrew"; sourceTree = "<group>"; };
		224200A21A93D49300D0E56A /* home-sharing_helper.exp */ = {isa = PBXFileReference; lastKnownFileType = sourcecode.exports; path = "home-sharing_helper.exp"; sourceTree = "<group>"; };
		224200A81A97ACBC00D0E56A /* NESManagedRegistrationSheet.h */ = {isa = PBXFileReference; fileEncoding = 4; lastKnownFileType = sourcecode.c.h; path = NESManagedRegistrationSheet.h; sourceTree = "<group>"; };
		224200A91A97ACBC00D0E56A /* NESManagedRegistrationSheet.m */ = {isa = PBXFileReference; fileEncoding = 4; lastKnownFileType = sourcecode.c.objc; path = NESManagedRegistrationSheet.m; sourceTree = "<group>"; };
		224200AA1A97ACBC00D0E56A /* NESManagedRegistrationSheet.xib */ = {isa = PBXFileReference; fileEncoding = 4; lastKnownFileType = file.xib; path = NESManagedRegistrationSheet.xib; sourceTree = "<group>"; };
		22455D3F18A43DA50057F353 /* NESConnectionProcess.h */ = {isa = PBXFileReference; fileEncoding = 4; lastKnownFileType = sourcecode.c.h; path = NESConnectionProcess.h; sourceTree = "<group>"; };
		22455D4018A43DA50057F353 /* NESConnectionProcess.m */ = {isa = PBXFileReference; fileEncoding = 4; lastKnownFileType = sourcecode.c.objc; path = NESConnectionProcess.m; sourceTree = "<group>"; };
		2246F95D1991D36800A53B83 /* NESManagedConnection.h */ = {isa = PBXFileReference; fileEncoding = 4; lastKnownFileType = sourcecode.c.h; path = NESManagedConnection.h; sourceTree = "<group>"; };
		2246F95E1991D36800A53B83 /* NESManagedConnection.m */ = {isa = PBXFileReference; fileEncoding = 4; lastKnownFileType = sourcecode.c.objc; path = NESManagedConnection.m; sourceTree = "<group>"; };
		22488D9918AD8B11003F5B68 /* NESAppConfig.h */ = {isa = PBXFileReference; fileEncoding = 4; lastKnownFileType = sourcecode.c.h; path = NESAppConfig.h; sourceTree = "<group>"; };
		22488D9A18AD8B11003F5B68 /* NESAppConfig.m */ = {isa = PBXFileReference; fileEncoding = 4; lastKnownFileType = sourcecode.c.objc; path = NESAppConfig.m; sourceTree = "<group>"; };
		22488D9C18AD8E13003F5B68 /* NESGeneralViewController.h */ = {isa = PBXFileReference; fileEncoding = 4; lastKnownFileType = sourcecode.c.h; path = NESGeneralViewController.h; sourceTree = "<group>"; };
		22488D9D18AD8E13003F5B68 /* NESGeneralViewController.m */ = {isa = PBXFileReference; fileEncoding = 4; lastKnownFileType = sourcecode.c.objc; path = NESGeneralViewController.m; sourceTree = "<group>"; };
		224D8706195B2D1800C0B6D8 /* Log.h */ = {isa = PBXFileReference; fileEncoding = 4; lastKnownFileType = sourcecode.c.h; path = Log.h; sourceTree = "<group>"; };
		224D8707195B2D1800C0B6D8 /* Log.m */ = {isa = PBXFileReference; fileEncoding = 4; lastKnownFileType = sourcecode.c.objc; path = Log.m; sourceTree = "<group>"; };
		22575C5218AC267E00B00006 /* ssh_manager.exp */ = {isa = PBXFileReference; explicitFileType = text.script.sh; fileEncoding = 4; name = ssh_manager.exp; path = ../ssh_manager.exp; sourceTree = "<group>"; };
		2266BEA818AAC80B00F4ED58 /* NESAdminPasswordDialog.xib */ = {isa = PBXFileReference; fileEncoding = 4; lastKnownFileType = file.xib; path = NESAdminPasswordDialog.xib; sourceTree = "<group>"; };
		2266BEAD18AAD3E600F4ED58 /* NESUser.h */ = {isa = PBXFileReference; fileEncoding = 4; lastKnownFileType = sourcecode.c.h; path = NESUser.h; sourceTree = "<group>"; };
		2266BEAE18AAD3E600F4ED58 /* NESUser.m */ = {isa = PBXFileReference; fileEncoding = 4; lastKnownFileType = sourcecode.c.objc; path = NESUser.m; sourceTree = "<group>"; };
		2266BEB018AAD90800F4ED58 /* NESAdminPasswordDialogWindowController.h */ = {isa = PBXFileReference; fileEncoding = 4; lastKnownFileType = sourcecode.c.h; path = NESAdminPasswordDialogWindowController.h; sourceTree = "<group>"; };
		2266BEB118AAD90800F4ED58 /* NESAdminPasswordDialogWindowController.m */ = {isa = PBXFileReference; fileEncoding = 4; lastKnownFileType = sourcecode.c.objc; path = NESAdminPasswordDialogWindowController.m; sourceTree = "<group>"; };
		2266BEB318AADCFF00F4ED58 /* Collaboration.framework */ = {isa = PBXFileReference; lastKnownFileType = wrapper.framework; name = Collaboration.framework; path = System/Library/Frameworks/Collaboration.framework; sourceTree = SDKROOT; };
		2273B3B81989A21A00654C17 /* NESManagedConnectionWindowController.h */ = {isa = PBXFileReference; fileEncoding = 4; lastKnownFileType = sourcecode.c.h; path = NESManagedConnectionWindowController.h; sourceTree = "<group>"; };
		2273B3B91989A21A00654C17 /* NESManagedConnectionWindowController.m */ = {isa = PBXFileReference; fileEncoding = 4; lastKnownFileType = sourcecode.c.objc; path = NESManagedConnectionWindowController.m; sourceTree = "<group>"; };
		2273B3BD1989A31600654C17 /* ManagedConnectionWindow.xib */ = {isa = PBXFileReference; fileEncoding = 4; lastKnownFileType = file.xib; path = ManagedConnectionWindow.xib; sourceTree = "<group>"; };
		2273B3BF198E8DF600654C17 /* NESEmptyView.h */ = {isa = PBXFileReference; fileEncoding = 4; lastKnownFileType = sourcecode.c.h; path = NESEmptyView.h; sourceTree = "<group>"; };
		2273B3C0198E8DF600654C17 /* NESEmptyView.m */ = {isa = PBXFileReference; fileEncoding = 4; lastKnownFileType = sourcecode.c.objc; path = NESEmptyView.m; sourceTree = "<group>"; };
		22759897189DA9CA00E42ADD /* NESKeychain.h */ = {isa = PBXFileReference; fileEncoding = 4; lastKnownFileType = sourcecode.c.h; path = NESKeychain.h; sourceTree = "<group>"; };
		22759898189DA9CA00E42ADD /* NESKeychain.m */ = {isa = PBXFileReference; fileEncoding = 4; lastKnownFileType = sourcecode.c.objc; path = NESKeychain.m; sourceTree = "<group>"; };
		2275989A189DC08700E42ADD /* Security.framework */ = {isa = PBXFileReference; lastKnownFileType = wrapper.framework; name = Security.framework; path = System/Library/Frameworks/Security.framework; sourceTree = SDKROOT; };
		2284C65A18B18683005C34E1 /* NESPopoverButton.h */ = {isa = PBXFileReference; fileEncoding = 4; lastKnownFileType = sourcecode.c.h; path = NESPopoverButton.h; sourceTree = "<group>"; };
		2284C65B18B18683005C34E1 /* NESPopoverButton.m */ = {isa = PBXFileReference; fileEncoding = 4; lastKnownFileType = sourcecode.c.objc; path = NESPopoverButton.m; sourceTree = "<group>"; };
		2284C65D18B1BD3C005C34E1 /* RemoteForwardWindow.xib */ = {isa = PBXFileReference; fileEncoding = 4; lastKnownFileType = file.xib; path = RemoteForwardWindow.xib; sourceTree = "<group>"; };
		2284C65F18B1C090005C34E1 /* NESRemoteForwardWindowController.h */ = {isa = PBXFileReference; fileEncoding = 4; lastKnownFileType = sourcecode.c.h; path = NESRemoteForwardWindowController.h; sourceTree = "<group>"; };
		2284C66018B1C090005C34E1 /* NESRemoteForwardWindowController.m */ = {isa = PBXFileReference; fileEncoding = 4; lastKnownFileType = sourcecode.c.objc; path = NESRemoteForwardWindowController.m; sourceTree = "<group>"; };
		2288F40318A027C600C0331C /* NESController.h */ = {isa = PBXFileReference; fileEncoding = 4; lastKnownFileType = sourcecode.c.h; path = NESController.h; sourceTree = "<group>"; };
		2288F40418A027C600C0331C /* NESController.m */ = {isa = PBXFileReference; fileEncoding = 4; lastKnownFileType = sourcecode.c.objc; path = NESController.m; sourceTree = "<group>"; };
		228E61BC188F1E4E00864214 /* LocalForwardWindow.xib */ = {isa = PBXFileReference; fileEncoding = 4; lastKnownFileType = file.xib; path = LocalForwardWindow.xib; sourceTree = "<group>"; };
		228E61BE188F2B1E00864214 /* NESLocalForwardWindowController.h */ = {isa = PBXFileReference; fileEncoding = 4; lastKnownFileType = sourcecode.c.h; path = NESLocalForwardWindowController.h; sourceTree = "<group>"; };
		228E61BF188F2B1E00864214 /* NESLocalForwardWindowController.m */ = {isa = PBXFileReference; fileEncoding = 4; lastKnownFileType = sourcecode.c.objc; path = NESLocalForwardWindowController.m; sourceTree = "<group>"; };
		228FC4101A8ABD85000BEC34 /* SocketRocket.xcodeproj */ = {isa = PBXFileReference; lastKnownFileType = "wrapper.pb-project"; name = SocketRocket.xcodeproj; path = SocketRocket/SocketRocket.xcodeproj; sourceTree = SOURCE_ROOT; };
		228FC4201A8AC372000BEC34 /* SystemConfiguration.framework */ = {isa = PBXFileReference; lastKnownFileType = wrapper.framework; name = SystemConfiguration.framework; path = Platforms/MacOSX.platform/Developer/SDKs/MacOSX10.9.sdk/System/Library/Frameworks/SystemConfiguration.framework; sourceTree = DEVELOPER_DIR; };
		229803A8187F345C00B704DD /* Secure Pipes.app */ = {isa = PBXFileReference; explicitFileType = wrapper.application; includeInIndex = 0; path = "Secure Pipes.app"; sourceTree = BUILT_PRODUCTS_DIR; };
		229803AB187F345C00B704DD /* Cocoa.framework */ = {isa = PBXFileReference; lastKnownFileType = wrapper.framework; name = Cocoa.framework; path = System/Library/Frameworks/Cocoa.framework; sourceTree = SDKROOT; };
		229803AE187F345C00B704DD /* AppKit.framework */ = {isa = PBXFileReference; lastKnownFileType = wrapper.framework; name = AppKit.framework; path = System/Library/Frameworks/AppKit.framework; sourceTree = SDKROOT; };
		229803AF187F345C00B704DD /* CoreData.framework */ = {isa = PBXFileReference; lastKnownFileType = wrapper.framework; name = CoreData.framework; path = System/Library/Frameworks/CoreData.framework; sourceTree = SDKROOT; };
		229803B0187F345C00B704DD /* Foundation.framework */ = {isa = PBXFileReference; lastKnownFileType = wrapper.framework; name = Foundation.framework; path = System/Library/Frameworks/Foundation.framework; sourceTree = SDKROOT; };
		229803B3187F345C00B704DD /* Secure Pipes-Info.plist */ = {isa = PBXFileReference; lastKnownFileType = text.plist.xml; path = "Secure Pipes-Info.plist"; sourceTree = "<group>"; };
		229803B5187F345C00B704DD /* en */ = {isa = PBXFileReference; lastKnownFileType = text.plist.strings; name = en; path = en.lproj/InfoPlist.strings; sourceTree = "<group>"; };
		229803B7187F345C00B704DD /* main.m */ = {isa = PBXFileReference; lastKnownFileType = sourcecode.c.objc; path = main.m; sourceTree = "<group>"; };
		229803B9187F345C00B704DD /* Secure Pipes-Prefix.pch */ = {isa = PBXFileReference; lastKnownFileType = sourcecode.c.h; path = "Secure Pipes-Prefix.pch"; sourceTree = "<group>"; };
		229803BB187F345C00B704DD /* en */ = {isa = PBXFileReference; lastKnownFileType = text.rtf; name = en; path = en.lproj/Credits.rtf; sourceTree = "<group>"; };
		229803BD187F345C00B704DD /* NESAppDelegate.h */ = {isa = PBXFileReference; lastKnownFileType = sourcecode.c.h; path = NESAppDelegate.h; sourceTree = "<group>"; };
		229803BE187F345C00B704DD /* NESAppDelegate.m */ = {isa = PBXFileReference; lastKnownFileType = sourcecode.c.objc; path = NESAppDelegate.m; sourceTree = "<group>"; };
		229803C4187F345C00B704DD /* Secure_Pipes.xcdatamodel */ = {isa = PBXFileReference; lastKnownFileType = wrapper.xcdatamodel; path = Secure_Pipes.xcdatamodel; sourceTree = "<group>"; };
		229803C6187F345C00B704DD /* Images.xcassets */ = {isa = PBXFileReference; lastKnownFileType = folder.assetcatalog; path = Images.xcassets; sourceTree = "<group>"; };
		229803CC187F345C00B704DD /* Secure PipesTests.xctest */ = {isa = PBXFileReference; explicitFileType = wrapper.cfbundle; includeInIndex = 0; path = "Secure PipesTests.xctest"; sourceTree = BUILT_PRODUCTS_DIR; };
		229803CD187F345C00B704DD /* XCTest.framework */ = {isa = PBXFileReference; lastKnownFileType = wrapper.framework; name = XCTest.framework; path = Library/Frameworks/XCTest.framework; sourceTree = DEVELOPER_DIR; };
		229803D4187F345C00B704DD /* Secure PipesTests-Info.plist */ = {isa = PBXFileReference; lastKnownFileType = text.plist.xml; path = "Secure PipesTests-Info.plist"; sourceTree = "<group>"; };
		229803D6187F345C00B704DD /* en */ = {isa = PBXFileReference; lastKnownFileType = text.plist.strings; name = en; path = en.lproj/InfoPlist.strings; sourceTree = "<group>"; };
		229803D8187F345C00B704DD /* Secure_PipesTests.m */ = {isa = PBXFileReference; lastKnownFileType = sourcecode.c.objc; path = Secure_PipesTests.m; sourceTree = "<group>"; };
		229803E6187F3F2A00B704DD /* NESPrefsWindowController.h */ = {isa = PBXFileReference; fileEncoding = 4; lastKnownFileType = sourcecode.c.h; path = NESPrefsWindowController.h; sourceTree = "<group>"; };
		229803E7187F3F2A00B704DD /* NESPrefsWindowController.m */ = {isa = PBXFileReference; fileEncoding = 4; lastKnownFileType = sourcecode.c.objc; path = NESPrefsWindowController.m; sourceTree = "<group>"; };
		229F499C1984464A003BC1D2 /* FilterBarView.h */ = {isa = PBXFileReference; fileEncoding = 4; lastKnownFileType = sourcecode.c.h; path = FilterBarView.h; sourceTree = "<group>"; };
		229F499D1984464A003BC1D2 /* FilterBarView.m */ = {isa = PBXFileReference; fileEncoding = 4; lastKnownFileType = sourcecode.c.objc; path = FilterBarView.m; sourceTree = "<group>"; };
		22A0576C18A9824500553E75 /* ConfirmationSheet.xib */ = {isa = PBXFileReference; fileEncoding = 4; lastKnownFileType = file.xib; path = ConfirmationSheet.xib; sourceTree = "<group>"; };
		22A0576E18A9833100553E75 /* NESConfirmationSheet.h */ = {isa = PBXFileReference; fileEncoding = 4; lastKnownFileType = sourcecode.c.h; path = NESConfirmationSheet.h; sourceTree = "<group>"; };
		22A0576F18A9833100553E75 /* NESConfirmationSheet.m */ = {isa = PBXFileReference; fileEncoding = 4; lastKnownFileType = sourcecode.c.objc; path = NESConfirmationSheet.m; sourceTree = "<group>"; };
		22A9C8111898574400F1999D /* NESPopoverTextField+FirstResponderNotification.h */ = {isa = PBXFileReference; lastKnownFileType = sourcecode.c.h; path = "NESPopoverTextField+FirstResponderNotification.h"; sourceTree = "<group>"; };
		22AB38AA1A117A150030926C /* proxy_helper.sh */ = {isa = PBXFileReference; lastKnownFileType = text.script.sh; path = proxy_helper.sh; sourceTree = "<group>"; };
		22B4BB0318B3E25C0052B33E /* NESConnectionWindowController.h */ = {isa = PBXFileReference; fileEncoding = 4; lastKnownFileType = sourcecode.c.h; path = NESConnectionWindowController.h; sourceTree = "<group>"; };
		22B4BB0418B3E25C0052B33E /* NESConnectionWindowController.m */ = {isa = PBXFileReference; fileEncoding = 4; lastKnownFileType = sourcecode.c.objc; path = NESConnectionWindowController.m; sourceTree = "<group>"; };
		22B4BB0618B45C180052B33E /* ProxyWindow.xib */ = {isa = PBXFileReference; fileEncoding = 4; lastKnownFileType = file.xib; path = ProxyWindow.xib; sourceTree = "<group>"; };
		22B6B4C32432465E00FC75A0 /* Secure Pipes.entitlements */ = {isa = PBXFileReference; lastKnownFileType = text.plist.entitlements; path = "Secure Pipes.entitlements"; sourceTree = "<group>"; };
		22C1BED71A13DE6800C88F60 /* corkscrew-2.0.xcodeproj */ = {isa = PBXFileReference; lastKnownFileType = "wrapper.pb-project"; name = "corkscrew-2.0.xcodeproj"; path = "corkscrew-2.0/corkscrew-2.0.xcodeproj"; sourceTree = SOURCE_ROOT; };
		22CE2F691A155ACA003A19CB /* NESSelectHostnameScriptDelegate.h */ = {isa = PBXFileReference; fileEncoding = 4; lastKnownFileType = sourcecode.c.h; path = NESSelectHostnameScriptDelegate.h; sourceTree = "<group>"; };
		22CE2F6A1A155ACA003A19CB /* NESSelectHostnameScriptDelegate.m */ = {isa = PBXFileReference; fileEncoding = 4; lastKnownFileType = sourcecode.c.objc; path = NESSelectHostnameScriptDelegate.m; sourceTree = "<group>"; };
		22DA06471A8532D700F85E56 /* CHANGELOG.md */ = {isa = PBXFileReference; fileEncoding = 4; lastKnownFileType = net.daringfireball.markdown; path = CHANGELOG.md; sourceTree = "<group>"; };
		22DA06481A8532D700F85E56 /* CONTRIBUTORS.md */ = {isa = PBXFileReference; fileEncoding = 4; lastKnownFileType = net.daringfireball.markdown; path = CONTRIBUTORS.md; sourceTree = "<group>"; };
		22DA06491A8532D700F85E56 /* LICENSE */ = {isa = PBXFileReference; fileEncoding = 4; lastKnownFileType = text; path = ../LICENSE; sourceTree = "<group>"; };
		22DA064A1A8532D700F85E56 /* README.md */ = {isa = PBXFileReference; fileEncoding = 4; lastKnownFileType = net.daringfireball.markdown; path = README.md; sourceTree = "<group>"; };
		22DA064B1A8532D700F85E56 /* SocketIO.h */ = {isa = PBXFileReference; fileEncoding = 4; lastKnownFileType = sourcecode.c.h; path = SocketIO.h; sourceTree = "<group>"; };
		22DA064C1A8532D700F85E56 /* SocketIO.m */ = {isa = PBXFileReference; fileEncoding = 4; lastKnownFileType = sourcecode.c.objc; path = SocketIO.m; sourceTree = "<group>"; };
		22DA064D1A8532D700F85E56 /* SocketIOJSONSerialization.h */ = {isa = PBXFileReference; fileEncoding = 4; lastKnownFileType = sourcecode.c.h; path = SocketIOJSONSerialization.h; sourceTree = "<group>"; };
		22DA064E1A8532D700F85E56 /* SocketIOJSONSerialization.m */ = {isa = PBXFileReference; fileEncoding = 4; lastKnownFileType = sourcecode.c.objc; path = SocketIOJSONSerialization.m; sourceTree = "<group>"; };
		22DA064F1A8532D700F85E56 /* SocketIOPacket.h */ = {isa = PBXFileReference; fileEncoding = 4; lastKnownFileType = sourcecode.c.h; path = SocketIOPacket.h; sourceTree = "<group>"; };
		22DA06501A8532D700F85E56 /* SocketIOPacket.m */ = {isa = PBXFileReference; fileEncoding = 4; lastKnownFileType = sourcecode.c.objc; path = SocketIOPacket.m; sourceTree = "<group>"; };
		22DA06511A8532D700F85E56 /* SocketIOTransport.h */ = {isa = PBXFileReference; fileEncoding = 4; lastKnownFileType = sourcecode.c.h; path = SocketIOTransport.h; sourceTree = "<group>"; };
		22DA06521A8532D700F85E56 /* SocketIOTransportWebsocket.h */ = {isa = PBXFileReference; fileEncoding = 4; lastKnownFileType = sourcecode.c.h; path = SocketIOTransportWebsocket.h; sourceTree = "<group>"; };
		22DA06531A8532D700F85E56 /* SocketIOTransportWebsocket.m */ = {isa = PBXFileReference; fileEncoding = 4; lastKnownFileType = sourcecode.c.objc; path = SocketIOTransportWebsocket.m; sourceTree = "<group>"; };
		22DA06541A8532D700F85E56 /* SocketIOTransportXHR.h */ = {isa = PBXFileReference; fileEncoding = 4; lastKnownFileType = sourcecode.c.h; path = SocketIOTransportXHR.h; sourceTree = "<group>"; };
		22DA06551A8532D700F85E56 /* SocketIOTransportXHR.m */ = {isa = PBXFileReference; fileEncoding = 4; lastKnownFileType = sourcecode.c.objc; path = SocketIOTransportXHR.m; sourceTree = "<group>"; };
		22DBDA0A18EFBC8600A7013F /* NESConfirmationDialogWindowController.h */ = {isa = PBXFileReference; fileEncoding = 4; lastKnownFileType = sourcecode.c.h; path = NESConfirmationDialogWindowController.h; sourceTree = "<group>"; };
		22DBDA0B18EFBC8600A7013F /* NESConfirmationDialogWindowController.m */ = {isa = PBXFileReference; fileEncoding = 4; lastKnownFileType = sourcecode.c.objc; path = NESConfirmationDialogWindowController.m; sourceTree = "<group>"; };
		22DBDA0D18EFBCAF00A7013F /* NESConfirmationDialogWindow.xib */ = {isa = PBXFileReference; fileEncoding = 4; lastKnownFileType = file.xib; path = NESConfirmationDialogWindow.xib; sourceTree = "<group>"; };
		22DC63B11A16839E000064F3 /* NESGetScriptOutput.h */ = {isa = PBXFileReference; fileEncoding = 4; lastKnownFileType = sourcecode.c.h; path = NESGetScriptOutput.h; sourceTree = "<group>"; };
		22DC63B21A16839E000064F3 /* NESGetScriptOutput.m */ = {isa = PBXFileReference; fileEncoding = 4; lastKnownFileType = sourcecode.c.objc; path = NESGetScriptOutput.m; sourceTree = "<group>"; };
		22E199ED18B5698B001B60C0 /* NESProxyWindowController.h */ = {isa = PBXFileReference; fileEncoding = 4; lastKnownFileType = sourcecode.c.h; path = NESProxyWindowController.h; sourceTree = "<group>"; };
		22E199EE18B5698B001B60C0 /* NESProxyWindowController.m */ = {isa = PBXFileReference; fileEncoding = 4; lastKnownFileType = sourcecode.c.objc; path = NESProxyWindowController.m; sourceTree = "<group>"; };
		22E8C2E418A67E7000506AB8 /* getopt.tcl */ = {isa = PBXFileReference; lastKnownFileType = text; name = getopt.tcl; path = ../getopt.tcl; sourceTree = "<group>"; };
		22ED982318A9349E005F9C1C /* NESMenuIconController.h */ = {isa = PBXFileReference; fileEncoding = 4; lastKnownFileType = sourcecode.c.h; path = NESMenuIconController.h; sourceTree = "<group>"; };
		22ED982418A9349E005F9C1C /* NESMenuIconController.m */ = {isa = PBXFileReference; fileEncoding = 4; lastKnownFileType = sourcecode.c.objc; path = NESMenuIconController.m; sourceTree = "<group>"; };
		22F4F4A518F0530C004D21E4 /* NESSelectIdentityDelegate.h */ = {isa = PBXFileReference; fileEncoding = 4; lastKnownFileType = sourcecode.c.h; path = NESSelectIdentityDelegate.h; sourceTree = "<group>"; };
		22F4F4A618F0530C004D21E4 /* NESSelectIdentityDelegate.m */ = {isa = PBXFileReference; fileEncoding = 4; lastKnownFileType = sourcecode.c.objc; path = NESSelectIdentityDelegate.m; sourceTree = "<group>"; };
		22F8E2FA1A8BA0EB00FB45AB /* NESConnectionManager.h */ = {isa = PBXFileReference; fileEncoding = 4; lastKnownFileType = sourcecode.c.h; path = NESConnectionManager.h; sourceTree = "<group>"; };
		22F8E2FB1A8BA0EB00FB45AB /* NESConnectionManager.m */ = {isa = PBXFileReference; fileEncoding = 4; lastKnownFileType = sourcecode.c.objc; path = NESConnectionManager.m; sourceTree = "<group>"; };
/* End PBXFileReference section */

/* Begin PBXFrameworksBuildPhase section */
		229803A5187F345C00B704DD /* Frameworks */ = {
			isa = PBXFrameworksBuildPhase;
			buildActionMask = 2147483647;
			files = (
				227E54921AA2776F00DF77AC /* SocketRocket.framework in Frameworks */,
				228FC4211A8AC372000BEC34 /* SystemConfiguration.framework in Frameworks */,
				2266BEB418AADCFF00F4ED58 /* Collaboration.framework in Frameworks */,
				2275989B189DC08700E42ADD /* Security.framework in Frameworks */,
				229803AC187F345C00B704DD /* Cocoa.framework in Frameworks */,
			);
			runOnlyForDeploymentPostprocessing = 0;
		};
		229803C9187F345C00B704DD /* Frameworks */ = {
			isa = PBXFrameworksBuildPhase;
			buildActionMask = 2147483647;
			files = (
				229803CF187F345C00B704DD /* Cocoa.framework in Frameworks */,
				229803CE187F345C00B704DD /* XCTest.framework in Frameworks */,
			);
			runOnlyForDeploymentPostprocessing = 0;
		};
/* End PBXFrameworksBuildPhase section */

/* Begin PBXGroup section */
		221A0B5718870BDE0008EBDC /* Model */ = {
			isa = PBXGroup;
			children = (
				22759897189DA9CA00E42ADD /* NESKeychain.h */,
				22759898189DA9CA00E42ADD /* NESKeychain.m */,
				221A0B5818870C150008EBDC /* NESConnection.h */,
				221A0B5918870C150008EBDC /* NESConnection.m */,
				2246F95D1991D36800A53B83 /* NESManagedConnection.h */,
				2246F95E1991D36800A53B83 /* NESManagedConnection.m */,
				22488D9918AD8B11003F5B68 /* NESAppConfig.h */,
				22488D9A18AD8B11003F5B68 /* NESAppConfig.m */,
				22455D3F18A43DA50057F353 /* NESConnectionProcess.h */,
				22455D4018A43DA50057F353 /* NESConnectionProcess.m */,
				22DC63B11A16839E000064F3 /* NESGetScriptOutput.h */,
				22DC63B21A16839E000064F3 /* NESGetScriptOutput.m */,
				22F8E2FA1A8BA0EB00FB45AB /* NESConnectionManager.h */,
				22F8E2FB1A8BA0EB00FB45AB /* NESConnectionManager.m */,
			);
			name = Model;
			sourceTree = "<group>";
		};
		2234C982189480AA000DEB44 /* UIElements */ = {
			isa = PBXGroup;
			children = (
				2273B3BF198E8DF600654C17 /* NESEmptyView.h */,
				2273B3C0198E8DF600654C17 /* NESEmptyView.m */,
				2266BEA818AAC80B00F4ED58 /* NESAdminPasswordDialog.xib */,
				22DBDA0D18EFBCAF00A7013F /* NESConfirmationDialogWindow.xib */,
				2266BEB018AAD90800F4ED58 /* NESAdminPasswordDialogWindowController.h */,
				2266BEB118AAD90800F4ED58 /* NESAdminPasswordDialogWindowController.m */,
				22DBDA0A18EFBC8600A7013F /* NESConfirmationDialogWindowController.h */,
				22DBDA0B18EFBC8600A7013F /* NESConfirmationDialogWindowController.m */,
				22A9C8111898574400F1999D /* NESPopoverTextField+FirstResponderNotification.h */,
				2234C983189480BF000DEB44 /* NESPopoverTextField.h */,
				2234C984189480BF000DEB44 /* NESPopoverTextField.m */,
				2234C985189480BF000DEB44 /* NESPopoverTextFieldButton.h */,
				2234C986189480BF000DEB44 /* NESPopoverTextFieldButton.m */,
				2234C987189480BF000DEB44 /* NESPopoverTextFieldCell.h */,
				2234C988189480BF000DEB44 /* NESPopoverTextFieldCell.m */,
				22ED982318A9349E005F9C1C /* NESMenuIconController.h */,
				22ED982418A9349E005F9C1C /* NESMenuIconController.m */,
				22A0576E18A9833100553E75 /* NESConfirmationSheet.h */,
				22A0576F18A9833100553E75 /* NESConfirmationSheet.m */,
				22A0576C18A9824500553E75 /* ConfirmationSheet.xib */,
				2284C65A18B18683005C34E1 /* NESPopoverButton.h */,
				2284C65B18B18683005C34E1 /* NESPopoverButton.m */,
				229F499C1984464A003BC1D2 /* FilterBarView.h */,
				229F499D1984464A003BC1D2 /* FilterBarView.m */,
				224200A81A97ACBC00D0E56A /* NESManagedRegistrationSheet.h */,
				224200A91A97ACBC00D0E56A /* NESManagedRegistrationSheet.m */,
				224200AA1A97ACBC00D0E56A /* NESManagedRegistrationSheet.xib */,
			);
			name = UIElements;
			sourceTree = "<group>";
		};
		228FC4111A8ABD85000BEC34 /* Products */ = {
			isa = PBXGroup;
			children = (
				228FC4181A8ABD85000BEC34 /* libSocketRocket.a */,
				228FC41A1A8ABD85000BEC34 /* SocketRocket.framework */,
				228FC41C1A8ABD85000BEC34 /* SRWebSocketTests.octest */,
				228FC41E1A8ABD85000BEC34 /* TestChat.app */,
			);
			name = Products;
			sourceTree = "<group>";
		};
		2298039F187F345B00B704DD = {
			isa = PBXGroup;
			children = (
				223F59081A1A8660002119AE /* corkscrew */,
				229803B1187F345C00B704DD /* Secure Pipes */,
				229803D2187F345C00B704DD /* Secure PipesTests */,
				229803AA187F345C00B704DD /* Frameworks */,
				229803A9187F345C00B704DD /* Products */,
			);
			sourceTree = "<group>";
		};
		229803A9187F345C00B704DD /* Products */ = {
			isa = PBXGroup;
			children = (
				229803A8187F345C00B704DD /* Secure Pipes.app */,
				229803CC187F345C00B704DD /* Secure PipesTests.xctest */,
			);
			name = Products;
			sourceTree = "<group>";
		};
		229803AA187F345C00B704DD /* Frameworks */ = {
			isa = PBXGroup;
			children = (
				228FC4201A8AC372000BEC34 /* SystemConfiguration.framework */,
				2266BEB318AADCFF00F4ED58 /* Collaboration.framework */,
				2275989A189DC08700E42ADD /* Security.framework */,
				229803AB187F345C00B704DD /* Cocoa.framework */,
				229803CD187F345C00B704DD /* XCTest.framework */,
				229803AD187F345C00B704DD /* Other Frameworks */,
			);
			name = Frameworks;
			sourceTree = "<group>";
		};
		229803AD187F345C00B704DD /* Other Frameworks */ = {
			isa = PBXGroup;
			children = (
				229803AE187F345C00B704DD /* AppKit.framework */,
				229803AF187F345C00B704DD /* CoreData.framework */,
				229803B0187F345C00B704DD /* Foundation.framework */,
			);
			name = "Other Frameworks";
			sourceTree = "<group>";
		};
		229803B1187F345C00B704DD /* Secure Pipes */ = {
			isa = PBXGroup;
			children = (
				22B6B4C32432465E00FC75A0 /* Secure Pipes.entitlements */,
				2234C982189480AA000DEB44 /* UIElements */,
				221A0B5718870BDE0008EBDC /* Model */,
				229803E2187F3E9200B704DD /* Prefs Window */,
				229803BD187F345C00B704DD /* NESAppDelegate.h */,
				229803BE187F345C00B704DD /* NESAppDelegate.m */,
				2288F40318A027C600C0331C /* NESController.h */,
				2288F40418A027C600C0331C /* NESController.m */,
				229803C0187F345C00B704DD /* MainMenu.xib */,
				229803C6187F345C00B704DD /* Images.xcassets */,
				229803C3187F345C00B704DD /* Secure_Pipes.xcdatamodeld */,
				229803B2187F345C00B704DD /* Supporting Files */,
			);
			path = "Secure Pipes";
			sourceTree = "<group>";
		};
		229803B2187F345C00B704DD /* Supporting Files */ = {
			isa = PBXGroup;
			children = (
				22DA06461A8532B300F85E56 /* socket.IO-objc */,
				228FC4101A8ABD85000BEC34 /* SocketRocket.xcodeproj */,
				22C1BED71A13DE6800C88F60 /* corkscrew-2.0.xcodeproj */,
				22575C5218AC267E00B00006 /* ssh_manager.exp */,
				224200A21A93D49300D0E56A /* home-sharing_helper.exp */,
				22AB38AA1A117A150030926C /* proxy_helper.sh */,
				2266BEAD18AAD3E600F4ED58 /* NESUser.h */,
				2266BEAE18AAD3E600F4ED58 /* NESUser.m */,
				229803B3187F345C00B704DD /* Secure Pipes-Info.plist */,
				22E8C2E418A67E7000506AB8 /* getopt.tcl */,
				229803B4187F345C00B704DD /* InfoPlist.strings */,
				229803B7187F345C00B704DD /* main.m */,
				229803B9187F345C00B704DD /* Secure Pipes-Prefix.pch */,
				229803BA187F345C00B704DD /* Credits.rtf */,
				224D8706195B2D1800C0B6D8 /* Log.h */,
				224D8707195B2D1800C0B6D8 /* Log.m */,
			);
			name = "Supporting Files";
			sourceTree = "<group>";
		};
		229803D2187F345C00B704DD /* Secure PipesTests */ = {
			isa = PBXGroup;
			children = (
				229803D8187F345C00B704DD /* Secure_PipesTests.m */,
				229803D3187F345C00B704DD /* Supporting Files */,
			);
			path = "Secure PipesTests";
			sourceTree = "<group>";
		};
		229803D3187F345C00B704DD /* Supporting Files */ = {
			isa = PBXGroup;
			children = (
				229803D4187F345C00B704DD /* Secure PipesTests-Info.plist */,
				229803D5187F345C00B704DD /* InfoPlist.strings */,
			);
			name = "Supporting Files";
			sourceTree = "<group>";
		};
		229803E2187F3E9200B704DD /* Prefs Window */ = {
			isa = PBXGroup;
			children = (
				22CE2F691A155ACA003A19CB /* NESSelectHostnameScriptDelegate.h */,
				22CE2F6A1A155ACA003A19CB /* NESSelectHostnameScriptDelegate.m */,
				22F4F4A518F0530C004D21E4 /* NESSelectIdentityDelegate.h */,
				22F4F4A618F0530C004D21E4 /* NESSelectIdentityDelegate.m */,
				22488D9C18AD8E13003F5B68 /* NESGeneralViewController.h */,
				22488D9D18AD8E13003F5B68 /* NESGeneralViewController.m */,
				221A0BA518882CFD0008EBDC /* NESConnectionViewController.h */,
				221A0BA618882CFD0008EBDC /* NESConnectionViewController.m */,
				22B4BB0318B3E25C0052B33E /* NESConnectionWindowController.h */,
				22B4BB0418B3E25C0052B33E /* NESConnectionWindowController.m */,
				2284C65F18B1C090005C34E1 /* NESRemoteForwardWindowController.h */,
				2284C66018B1C090005C34E1 /* NESRemoteForwardWindowController.m */,
				228E61BE188F2B1E00864214 /* NESLocalForwardWindowController.h */,
				228E61BF188F2B1E00864214 /* NESLocalForwardWindowController.m */,
				22E199ED18B5698B001B60C0 /* NESProxyWindowController.h */,
				22E199EE18B5698B001B60C0 /* NESProxyWindowController.m */,
				2273B3B81989A21A00654C17 /* NESManagedConnectionWindowController.h */,
				2273B3B91989A21A00654C17 /* NESManagedConnectionWindowController.m */,
				220DF521188C668400AA9D50 /* NESConnectionCellView.h */,
				220DF522188C668400AA9D50 /* NESConnectionCellView.m */,
				229803E6187F3F2A00B704DD /* NESPrefsWindowController.h */,
				229803E7187F3F2A00B704DD /* NESPrefsWindowController.m */,
				221CE21B1880B16600F55125 /* Prefs Window.xib */,
				221CE2191880A96300F55125 /* Connection View.xib */,
				228E61BC188F1E4E00864214 /* LocalForwardWindow.xib */,
				2284C65D18B1BD3C005C34E1 /* RemoteForwardWindow.xib */,
				22B4BB0618B45C180052B33E /* ProxyWindow.xib */,
				2273B3BD1989A31600654C17 /* ManagedConnectionWindow.xib */,
				221CE21D188194D000F55125 /* General View.xib */,
				221CE21F188194D900F55125 /* Info View.xib */,
			);
			name = "Prefs Window";
			sourceTree = "<group>";
		};
		22C1BED81A13DE6800C88F60 /* Products */ = {
			isa = PBXGroup;
			children = (
			);
			name = Products;
			sourceTree = "<group>";
		};
		22DA06461A8532B300F85E56 /* socket.IO-objc */ = {
			isa = PBXGroup;
			children = (
				22DA06471A8532D700F85E56 /* CHANGELOG.md */,
				22DA06481A8532D700F85E56 /* CONTRIBUTORS.md */,
				22DA06491A8532D700F85E56 /* LICENSE */,
				22DA064A1A8532D700F85E56 /* README.md */,
				22DA064B1A8532D700F85E56 /* SocketIO.h */,
				22DA064C1A8532D700F85E56 /* SocketIO.m */,
				22DA064D1A8532D700F85E56 /* SocketIOJSONSerialization.h */,
				22DA064E1A8532D700F85E56 /* SocketIOJSONSerialization.m */,
				22DA064F1A8532D700F85E56 /* SocketIOPacket.h */,
				22DA06501A8532D700F85E56 /* SocketIOPacket.m */,
				22DA06511A8532D700F85E56 /* SocketIOTransport.h */,
				22DA06521A8532D700F85E56 /* SocketIOTransportWebsocket.h */,
				22DA06531A8532D700F85E56 /* SocketIOTransportWebsocket.m */,
				22DA06541A8532D700F85E56 /* SocketIOTransportXHR.h */,
				22DA06551A8532D700F85E56 /* SocketIOTransportXHR.m */,
			);
			name = "socket.IO-objc";
			sourceTree = "<group>";
		};
/* End PBXGroup section */

/* Begin PBXNativeTarget section */
		229803A7187F345C00B704DD /* Secure Pipes */ = {
			isa = PBXNativeTarget;
			buildConfigurationList = 229803DC187F345C00B704DD /* Build configuration list for PBXNativeTarget "Secure Pipes" */;
			buildPhases = (
				229803A4187F345C00B704DD /* Sources */,
				229803A5187F345C00B704DD /* Frameworks */,
				229803A6187F345C00B704DD /* Resources */,
				227E54941AA2785800DF77AC /* CopyFiles */,
			);
			buildRules = (
			);
			dependencies = (
				223582FA1AA272F9005141B6 /* PBXTargetDependency */,
				22C1BEDD1A13DF6E00C88F60 /* PBXTargetDependency */,
			);
			name = "Secure Pipes";
			productName = "Secure Pipes";
			productReference = 229803A8187F345C00B704DD /* Secure Pipes.app */;
			productType = "com.apple.product-type.application";
		};
		229803CB187F345C00B704DD /* Secure PipesTests */ = {
			isa = PBXNativeTarget;
			buildConfigurationList = 229803DF187F345C00B704DD /* Build configuration list for PBXNativeTarget "Secure PipesTests" */;
			buildPhases = (
				229803C8187F345C00B704DD /* Sources */,
				229803C9187F345C00B704DD /* Frameworks */,
				229803CA187F345C00B704DD /* Resources */,
			);
			buildRules = (
			);
			dependencies = (
				229803D1187F345C00B704DD /* PBXTargetDependency */,
			);
			name = "Secure PipesTests";
			productName = "Secure PipesTests";
			productReference = 229803CC187F345C00B704DD /* Secure PipesTests.xctest */;
			productType = "com.apple.product-type.bundle.unit-test";
		};
/* End PBXNativeTarget section */

/* Begin PBXProject section */
		229803A0187F345B00B704DD /* Project object */ = {
			isa = PBXProject;
			attributes = {
				CLASSPREFIX = NES;
				LastUpgradeCheck = 0500;
				ORGANIZATIONNAME = "Timothy Stonis";
				TargetAttributes = {
					229803A7187F345C00B704DD = {
						DevelopmentTeam = 89A7PE3UJS;
					};
					229803CB187F345C00B704DD = {
						TestTargetID = 229803A7187F345C00B704DD;
					};
				};
			};
			buildConfigurationList = 229803A3187F345B00B704DD /* Build configuration list for PBXProject "Secure Pipes" */;
			compatibilityVersion = "Xcode 3.2";
			developmentRegion = en;
			hasScannedForEncodings = 0;
			knownRegions = (
				en,
			);
			mainGroup = 2298039F187F345B00B704DD;
			productRefGroup = 229803A9187F345C00B704DD /* Products */;
			projectDirPath = "";
			projectReferences = (
				{
					ProductGroup = 22C1BED81A13DE6800C88F60 /* Products */;
					ProjectRef = 22C1BED71A13DE6800C88F60 /* corkscrew-2.0.xcodeproj */;
				},
				{
					ProductGroup = 228FC4111A8ABD85000BEC34 /* Products */;
					ProjectRef = 228FC4101A8ABD85000BEC34 /* SocketRocket.xcodeproj */;
				},
			);
			projectRoot = "";
			targets = (
				229803A7187F345C00B704DD /* Secure Pipes */,
				229803CB187F345C00B704DD /* Secure PipesTests */,
			);
		};
/* End PBXProject section */

/* Begin PBXReferenceProxy section */
		228FC4181A8ABD85000BEC34 /* libSocketRocket.a */ = {
			isa = PBXReferenceProxy;
			fileType = archive.ar;
			path = libSocketRocket.a;
			remoteRef = 228FC4171A8ABD85000BEC34 /* PBXContainerItemProxy */;
			sourceTree = BUILT_PRODUCTS_DIR;
		};
		228FC41A1A8ABD85000BEC34 /* SocketRocket.framework */ = {
			isa = PBXReferenceProxy;
			fileType = wrapper.framework;
			path = SocketRocket.framework;
			remoteRef = 228FC4191A8ABD85000BEC34 /* PBXContainerItemProxy */;
			sourceTree = BUILT_PRODUCTS_DIR;
		};
		228FC41C1A8ABD85000BEC34 /* SRWebSocketTests.octest */ = {
			isa = PBXReferenceProxy;
			fileType = wrapper.cfbundle;
			path = SRWebSocketTests.octest;
			remoteRef = 228FC41B1A8ABD85000BEC34 /* PBXContainerItemProxy */;
			sourceTree = BUILT_PRODUCTS_DIR;
		};
		228FC41E1A8ABD85000BEC34 /* TestChat.app */ = {
			isa = PBXReferenceProxy;
			fileType = wrapper.application;
			path = TestChat.app;
			remoteRef = 228FC41D1A8ABD85000BEC34 /* PBXContainerItemProxy */;
			sourceTree = BUILT_PRODUCTS_DIR;
		};
/* End PBXReferenceProxy section */

/* Begin PBXResourcesBuildPhase section */
		229803A6187F345C00B704DD /* Resources */ = {
			isa = PBXResourcesBuildPhase;
			buildActionMask = 2147483647;
			files = (
				223F59091A1A8660002119AE /* corkscrew in Resources */,
				22AB38AB1A1299CE0030926C /* proxy_helper.sh in Resources */,
				22B4BB0718B45C180052B33E /* ProxyWindow.xib in Resources */,
				22DA06581A8532D700F85E56 /* LICENSE in Resources */,
				22575C5418AC26BB00B00006 /* ssh_manager.exp in Resources */,
				224200A71A93D5FF00D0E56A /* home-sharing_helper.exp in Resources */,
				2206D45D18A8260E00FB3E65 /* getopt.tcl in Resources */,
				221CE21A1880A96300F55125 /* Connection View.xib in Resources */,
				229803B6187F345C00B704DD /* InfoPlist.strings in Resources */,
				224200AC1A97ACBC00D0E56A /* NESManagedRegistrationSheet.xib in Resources */,
				229803C7187F345C00B704DD /* Images.xcassets in Resources */,
				2284C65E18B1BD3C005C34E1 /* RemoteForwardWindow.xib in Resources */,
				22DBDA0E18EFBCAF00A7013F /* NESConfirmationDialogWindow.xib in Resources */,
				229803BC187F345C00B704DD /* Credits.rtf in Resources */,
				2273B3BE1989A31600654C17 /* ManagedConnectionWindow.xib in Resources */,
				221CE21E188194D000F55125 /* General View.xib in Resources */,
				2266BEA918AAC80B00F4ED58 /* NESAdminPasswordDialog.xib in Resources */,
				228E61BD188F1E4E00864214 /* LocalForwardWindow.xib in Resources */,
				22A0576D18A9824500553E75 /* ConfirmationSheet.xib in Resources */,
				221CE220188194D900F55125 /* Info View.xib in Resources */,
				229803C2187F345C00B704DD /* MainMenu.xib in Resources */,
				221CE21C1880B16600F55125 /* Prefs Window.xib in Resources */,
			);
			runOnlyForDeploymentPostprocessing = 0;
		};
		229803CA187F345C00B704DD /* Resources */ = {
			isa = PBXResourcesBuildPhase;
			buildActionMask = 2147483647;
			files = (
				229803D7187F345C00B704DD /* InfoPlist.strings in Resources */,
			);
			runOnlyForDeploymentPostprocessing = 0;
		};
/* End PBXResourcesBuildPhase section */

/* Begin PBXSourcesBuildPhase section */
		229803A4187F345C00B704DD /* Sources */ = {
			isa = PBXSourcesBuildPhase;
			buildActionMask = 2147483647;
			files = (
				22455D4118A43DA50057F353 /* NESConnectionProcess.m in Sources */,
				2273B3C1198E8DF600654C17 /* NESEmptyView.m in Sources */,
				220DF523188C668400AA9D50 /* NESConnectionCellView.m in Sources */,
				2284C65C18B18683005C34E1 /* NESPopoverButton.m in Sources */,
				22DA065E1A8532D700F85E56 /* SocketIOTransportXHR.m in Sources */,
				22A0577018A9833100553E75 /* NESConfirmationSheet.m in Sources */,
				221A0B5A18870C150008EBDC /* NESConnection.m in Sources */,
				2246F95F1991D36800A53B83 /* NESManagedConnection.m in Sources */,
				2266BEAF18AAD3E600F4ED58 /* NESUser.m in Sources */,
				2273B3BB1989A21A00654C17 /* NESManagedConnectionWindowController.m in Sources */,
				228E61C0188F2B1E00864214 /* NESLocalForwardWindowController.m in Sources */,
				221A0BA718882CFD0008EBDC /* NESConnectionViewController.m in Sources */,
				2266BEB218AAD90800F4ED58 /* NESAdminPasswordDialogWindowController.m in Sources */,
				22DA065B1A8532D700F85E56 /* SocketIOJSONSerialization.m in Sources */,
				22DA065C1A8532D700F85E56 /* SocketIOPacket.m in Sources */,
				224200AB1A97ACBC00D0E56A /* NESManagedRegistrationSheet.m in Sources */,
				22E199EF18B5698B001B60C0 /* NESProxyWindowController.m in Sources */,
				22488D9E18AD8E13003F5B68 /* NESGeneralViewController.m in Sources */,
				229803B8187F345C00B704DD /* main.m in Sources */,
				224D8708195B2D1800C0B6D8 /* Log.m in Sources */,
				22DA065A1A8532D700F85E56 /* SocketIO.m in Sources */,
				229803C5187F345C00B704DD /* Secure_Pipes.xcdatamodeld in Sources */,
				2234C98A189480BF000DEB44 /* NESPopoverTextFieldButton.m in Sources */,
				2234C989189480BF000DEB44 /* NESPopoverTextField.m in Sources */,
				22CE2F6B1A155ACA003A19CB /* NESSelectHostnameScriptDelegate.m in Sources */,
				22F8E2FC1A8BA0EB00FB45AB /* NESConnectionManager.m in Sources */,
				22488D9B18AD8B11003F5B68 /* NESAppConfig.m in Sources */,
				22DC63B31A16839E000064F3 /* NESGetScriptOutput.m in Sources */,
				22ED982518A9349E005F9C1C /* NESMenuIconController.m in Sources */,
				22DA065D1A8532D700F85E56 /* SocketIOTransportWebsocket.m in Sources */,
				2284C66118B1C090005C34E1 /* NESRemoteForwardWindowController.m in Sources */,
				22B4BB0518B3E25C0052B33E /* NESConnectionWindowController.m in Sources */,
				229F49A01984464B003BC1D2 /* FilterBarView.m in Sources */,
				229803BF187F345C00B704DD /* NESAppDelegate.m in Sources */,
				2288F40518A027C600C0331C /* NESController.m in Sources */,
				2234C98B189480BF000DEB44 /* NESPopoverTextFieldCell.m in Sources */,
				22759899189DA9CA00E42ADD /* NESKeychain.m in Sources */,
				229803E8187F3F2A00B704DD /* NESPrefsWindowController.m in Sources */,
				22DBDA0C18EFBC8600A7013F /* NESConfirmationDialogWindowController.m in Sources */,
				22F4F4A718F0530C004D21E4 /* NESSelectIdentityDelegate.m in Sources */,
			);
			runOnlyForDeploymentPostprocessing = 0;
		};
		229803C8187F345C00B704DD /* Sources */ = {
			isa = PBXSourcesBuildPhase;
			buildActionMask = 2147483647;
			files = (
				229803D9187F345C00B704DD /* Secure_PipesTests.m in Sources */,
			);
			runOnlyForDeploymentPostprocessing = 0;
		};
/* End PBXSourcesBuildPhase section */

/* Begin PBXTargetDependency section */
		223582FA1AA272F9005141B6 /* PBXTargetDependency */ = {
			isa = PBXTargetDependency;
			name = SocketRocketOSX;
			targetProxy = 223582F91AA272F9005141B6 /* PBXContainerItemProxy */;
		};
		229803D1187F345C00B704DD /* PBXTargetDependency */ = {
			isa = PBXTargetDependency;
			target = 229803A7187F345C00B704DD /* Secure Pipes */;
			targetProxy = 229803D0187F345C00B704DD /* PBXContainerItemProxy */;
		};
		22C1BEDD1A13DF6E00C88F60 /* PBXTargetDependency */ = {
			isa = PBXTargetDependency;
			name = "corkscrew-2.0";
			targetProxy = 22C1BEDC1A13DF6E00C88F60 /* PBXContainerItemProxy */;
		};
/* End PBXTargetDependency section */

/* Begin PBXVariantGroup section */
		229803B4187F345C00B704DD /* InfoPlist.strings */ = {
			isa = PBXVariantGroup;
			children = (
				229803B5187F345C00B704DD /* en */,
			);
			name = InfoPlist.strings;
			sourceTree = "<group>";
		};
		229803BA187F345C00B704DD /* Credits.rtf */ = {
			isa = PBXVariantGroup;
			children = (
				229803BB187F345C00B704DD /* en */,
			);
			name = Credits.rtf;
			sourceTree = "<group>";
		};
		229803C0187F345C00B704DD /* MainMenu.xib */ = {
			isa = PBXVariantGroup;
			children = (
				2215E44F1A262F0C000D3DE1 /* en */,
			);
			name = MainMenu.xib;
			sourceTree = "<group>";
		};
		229803D5187F345C00B704DD /* InfoPlist.strings */ = {
			isa = PBXVariantGroup;
			children = (
				229803D6187F345C00B704DD /* en */,
			);
			name = InfoPlist.strings;
			sourceTree = "<group>";
		};
/* End PBXVariantGroup section */

/* Begin XCBuildConfiguration section */
		229803DA187F345C00B704DD /* Debug */ = {
			isa = XCBuildConfiguration;
			buildSettings = {
				ALWAYS_SEARCH_USER_PATHS = NO;
				CLANG_CXX_LANGUAGE_STANDARD = "gnu++0x";
				CLANG_CXX_LIBRARY = "libc++";
				CLANG_ENABLE_OBJC_ARC = YES;
				CLANG_LINK_OBJC_RUNTIME = YES;
				CLANG_WARN_BOOL_CONVERSION = YES;
				CLANG_WARN_CONSTANT_CONVERSION = YES;
				CLANG_WARN_DIRECT_OBJC_ISA_USAGE = YES_ERROR;
				CLANG_WARN_EMPTY_BODY = YES;
				CLANG_WARN_ENUM_CONVERSION = YES;
				CLANG_WARN_INT_CONVERSION = YES;
				CLANG_WARN_OBJC_ROOT_CLASS = YES_ERROR;
				CLANG_WARN__DUPLICATE_METHOD_MATCH = YES;
				COPY_PHASE_STRIP = NO;
				GCC_C_LANGUAGE_STANDARD = gnu99;
				GCC_DYNAMIC_NO_PIC = NO;
				GCC_ENABLE_OBJC_EXCEPTIONS = YES;
				GCC_OPTIMIZATION_LEVEL = 0;
				GCC_PREPROCESSOR_DEFINITIONS = (
					"DEBUG=1",
					"$(inherited)",
				);
				GCC_SYMBOLS_PRIVATE_EXTERN = NO;
				GCC_WARN_64_TO_32_BIT_CONVERSION = YES;
				GCC_WARN_ABOUT_RETURN_TYPE = YES_ERROR;
				GCC_WARN_UNDECLARED_SELECTOR = YES;
				GCC_WARN_UNINITIALIZED_AUTOS = YES;
				GCC_WARN_UNUSED_FUNCTION = YES;
				GCC_WARN_UNUSED_VARIABLE = YES;
				MACOSX_DEPLOYMENT_TARGET = 11.0;
				ONLY_ACTIVE_ARCH = YES;
				OTHER_CODE_SIGN_FLAGS = "";
				SDKROOT = macosx;
			};
			name = Debug;
		};
		229803DB187F345C00B704DD /* Release */ = {
			isa = XCBuildConfiguration;
			buildSettings = {
				ALWAYS_SEARCH_USER_PATHS = NO;
				CLANG_CXX_LANGUAGE_STANDARD = "gnu++0x";
				CLANG_CXX_LIBRARY = "libc++";
				CLANG_ENABLE_OBJC_ARC = YES;
				CLANG_LINK_OBJC_RUNTIME = YES;
				CLANG_WARN_BOOL_CONVERSION = YES;
				CLANG_WARN_CONSTANT_CONVERSION = YES;
				CLANG_WARN_DIRECT_OBJC_ISA_USAGE = YES_ERROR;
				CLANG_WARN_EMPTY_BODY = YES;
				CLANG_WARN_ENUM_CONVERSION = YES;
				CLANG_WARN_INT_CONVERSION = YES;
				CLANG_WARN_OBJC_ROOT_CLASS = YES_ERROR;
				CLANG_WARN__DUPLICATE_METHOD_MATCH = YES;
				COPY_PHASE_STRIP = YES;
				DEBUG_INFORMATION_FORMAT = "dwarf-with-dsym";
				ENABLE_NS_ASSERTIONS = NO;
				GCC_C_LANGUAGE_STANDARD = gnu99;
				GCC_ENABLE_OBJC_EXCEPTIONS = YES;
				GCC_WARN_64_TO_32_BIT_CONVERSION = YES;
				GCC_WARN_ABOUT_RETURN_TYPE = YES_ERROR;
				GCC_WARN_UNDECLARED_SELECTOR = YES;
				GCC_WARN_UNINITIALIZED_AUTOS = YES;
				GCC_WARN_UNUSED_FUNCTION = YES;
				GCC_WARN_UNUSED_VARIABLE = YES;
				MACOSX_DEPLOYMENT_TARGET = 11.0;
				OTHER_CODE_SIGN_FLAGS = "";
				SDKROOT = macosx;
			};
			name = Release;
		};
		229803DD187F345C00B704DD /* Debug */ = {
			isa = XCBuildConfiguration;
			buildSettings = {
				ASSETCATALOG_COMPILER_APPICON_NAME = AppIcon;
				CODE_SIGN_ENTITLEMENTS = "Secure Pipes/Secure Pipes.entitlements";
				CODE_SIGN_IDENTITY = "Apple Development";
				"CODE_SIGN_IDENTITY[sdk=macosx*]" = "Mac Developer";
				COMBINE_HIDPI_IMAGES = YES;
				CURRENT_PROJECT_VERSION = 0.99.11;
				DEVELOPMENT_TEAM = 89A7PE3UJS;
				ENABLE_HARDENED_RUNTIME = NO;
				GCC_PRECOMPILE_PREFIX_HEADER = YES;
				GCC_PREFIX_HEADER = "Secure Pipes/Secure Pipes-Prefix.pch";
				INFOPLIST_FILE = "Secure Pipes/Secure Pipes-Info.plist";
				MACOSX_DEPLOYMENT_TARGET = 11.0;
				MARKETING_VERSION = 0.99.11;
				PRODUCT_BUNDLE_IDENTIFIER = "net.edgeservices.Secure-Pipes";
				PRODUCT_NAME = "$(TARGET_NAME)";
				PROVISIONING_PROFILE = "";
				SDKROOT = macosx;
				WRAPPER_EXTENSION = app;
			};
			name = Debug;
		};
		229803DE187F345C00B704DD /* Release */ = {
			isa = XCBuildConfiguration;
			buildSettings = {
				ASSETCATALOG_COMPILER_APPICON_NAME = AppIcon;
				CODE_SIGN_ENTITLEMENTS = "Secure Pipes/Secure Pipes.entitlements";
				CODE_SIGN_IDENTITY = "Apple Development";
				"CODE_SIGN_IDENTITY[sdk=macosx*]" = "Mac Developer";
				COMBINE_HIDPI_IMAGES = YES;
				CURRENT_PROJECT_VERSION = 0.99.11;
				DEVELOPMENT_TEAM = 89A7PE3UJS;
				ENABLE_HARDENED_RUNTIME = NO;
				GCC_PRECOMPILE_PREFIX_HEADER = YES;
				GCC_PREFIX_HEADER = "Secure Pipes/Secure Pipes-Prefix.pch";
				INFOPLIST_FILE = "Secure Pipes/Secure Pipes-Info.plist";
				MACOSX_DEPLOYMENT_TARGET = 11.0;
				MARKETING_VERSION = 0.99.11;
				ONLY_ACTIVE_ARCH = YES;
				PRODUCT_BUNDLE_IDENTIFIER = "net.edgeservices.Secure-Pipes";
				PRODUCT_NAME = "$(TARGET_NAME)";
				PROVISIONING_PROFILE = "";
				SDKROOT = macosx;
				WRAPPER_EXTENSION = app;
			};
			name = Release;
		};
		229803E0187F345C00B704DD /* Debug */ = {
			isa = XCBuildConfiguration;
			buildSettings = {
				BUNDLE_LOADER = "$(BUILT_PRODUCTS_DIR)/Secure Pipes.app/Contents/MacOS/Secure Pipes";
				COMBINE_HIDPI_IMAGES = YES;
				FRAMEWORK_SEARCH_PATHS = (
					"$(DEVELOPER_FRAMEWORKS_DIR)",
					"$(inherited)",
				);
				GCC_PRECOMPILE_PREFIX_HEADER = YES;
				GCC_PREFIX_HEADER = "Secure Pipes/Secure Pipes-Prefix.pch";
				GCC_PREPROCESSOR_DEFINITIONS = (
					"DEBUG=1",
					"$(inherited)",
				);
				INFOPLIST_FILE = "Secure PipesTests/Secure PipesTests-Info.plist";
				PRODUCT_NAME = "$(TARGET_NAME)";
				TEST_HOST = "$(BUNDLE_LOADER)";
				WRAPPER_EXTENSION = xctest;
			};
			name = Debug;
		};
		229803E1187F345C00B704DD /* Release */ = {
			isa = XCBuildConfiguration;
			buildSettings = {
				BUNDLE_LOADER = "$(BUILT_PRODUCTS_DIR)/Secure Pipes.app/Contents/MacOS/Secure Pipes";
				COMBINE_HIDPI_IMAGES = YES;
				FRAMEWORK_SEARCH_PATHS = (
					"$(DEVELOPER_FRAMEWORKS_DIR)",
					"$(inherited)",
				);
				GCC_PRECOMPILE_PREFIX_HEADER = YES;
				GCC_PREFIX_HEADER = "Secure Pipes/Secure Pipes-Prefix.pch";
				INFOPLIST_FILE = "Secure PipesTests/Secure PipesTests-Info.plist";
				PRODUCT_NAME = "$(TARGET_NAME)";
				TEST_HOST = "$(BUNDLE_LOADER)";
				WRAPPER_EXTENSION = xctest;
			};
			name = Release;
		};
/* End XCBuildConfiguration section */

/* Begin XCConfigurationList section */
		229803A3187F345B00B704DD /* Build configuration list for PBXProject "Secure Pipes" */ = {
			isa = XCConfigurationList;
			buildConfigurations = (
				229803DA187F345C00B704DD /* Debug */,
				229803DB187F345C00B704DD /* Release */,
			);
			defaultConfigurationIsVisible = 0;
			defaultConfigurationName = Release;
		};
		229803DC187F345C00B704DD /* Build configuration list for PBXNativeTarget "Secure Pipes" */ = {
			isa = XCConfigurationList;
			buildConfigurations = (
				229803DD187F345C00B704DD /* Debug */,
				229803DE187F345C00B704DD /* Release */,
			);
			defaultConfigurationIsVisible = 0;
			defaultConfigurationName = Release;
		};
		229803DF187F345C00B704DD /* Build configuration list for PBXNativeTarget "Secure PipesTests" */ = {
			isa = XCConfigurationList;
			buildConfigurations = (
				229803E0187F345C00B704DD /* Debug */,
				229803E1187F345C00B704DD /* Release */,
			);
			defaultConfigurationIsVisible = 0;
			defaultConfigurationName = Release;
		};
/* End XCConfigurationList section */

/* Begin XCVersionGroup section */
		229803C3187F345C00B704DD /* Secure_Pipes.xcdatamodeld */ = {
			isa = XCVersionGroup;
			children = (
				229803C4187F345C00B704DD /* Secure_Pipes.xcdatamodel */,
			);
			currentVersion = 229803C4187F345C00B704DD /* Secure_Pipes.xcdatamodel */;
			path = Secure_Pipes.xcdatamodeld;
			sourceTree = "<group>";
			versionGroupType = wrapper.xcdatamodel;
		};
/* End XCVersionGroup section */
	};
	rootObject = 229803A0187F345B00B704DD /* Project object */;
}
